# This lock file was generated by conda-lock (https://github.com/conda/conda-lock). DO NOT EDIT!
#
# A "lock file" contains a concrete list of package versions (with checksums) to be installed. Unlike
# e.g. `conda env create`, the resulting environment will not change as new package versions become
# available, unless you explicitly update the lock file.
#
# Install this environment as "YOURENV" with:
#     conda-lock install -n YOURENV manylinux.conda-lock.yml
# To update a single package to the latest version compatible with the version constraints in the source:
#     conda-lock lock  --lockfile manylinux.conda-lock.yml --update PACKAGE
# To re-solve the entire environment, e.g. after changing a version constraint in the source file:
#     conda-lock -f pyproject.toml --lockfile manylinux.conda-lock.yml
version: 1
metadata:
  content_hash:
    linux-64: 3b63420330e0a965e7732c0089d99d76a406c4da92324113e45ec3ce29c56a1e
  channels:
  - url: conda-forge
    used_env_vars: []
  platforms:
  - linux-64
  sources:
  - pyproject.toml
package:
- name: _openmp_mutex
  version: '4.5'
  manager: conda
  platform: linux-64
  dependencies:
    __glibc: '>=2.17,<3.0.a0'
    libgomp: '>=7.5.0'
  url: https://conda.anaconda.org/conda-forge/linux-64/_openmp_mutex-4.5-20_gnu.conda
  hash:
    md5: a9f577daf3de00bca7c3c76c0ecbd1de
    sha256: 1dd3fffd892081df9726d7eb7e0dea6198962ba775bd88842135a4ddb4deb3c9
  category: main
  optional: false
- name: gmp
  version: 6.3.0
  manager: conda
  platform: linux-64
  dependencies:
    libgcc-ng: '>=12'
    libstdcxx-ng: '>=12'
  url: https://conda.anaconda.org/conda-forge/linux-64/gmp-6.3.0-hac33072_2.conda
  hash:
    md5: c94a5994ef49749880a8139cf9afcbe1
    sha256: 309cf4f04fec0c31b6771a5809a1909b4b3154a2208f52351e1ada006f4c750c
  category: main
  optional: false
- name: libflint
  version: 3.5.0
  manager: conda
  platform: linux-64
  dependencies:
    __glibc: '>=2.17,<3.0.a0'
    gmp: '>=6.3.0,<7.0a0'
    libgcc: '>=14'
    mpfr: '>=4.2.2,<5.0a0'
  url: https://conda.anaconda.org/conda-forge/linux-64/libflint-3.5.0-h983522c_0.conda
  hash:
    md5: f414058dd9903b55b88ce34083026921
    sha256: 565c7ae68b115cb72323ed78a8a0e5ab68d3f52012074c0cc92272de5b25ce3d
  category: main
  optional: false
- name: libgcc
  version: 16.1.0
  manager: conda
  platform: linux-64
  dependencies:
    __glibc: '>=2.17,<3.0.a0'
    _openmp_mutex: '>=4.5'
  url: https://conda.anaconda.org/conda-forge/linux-64/libgcc-16.1.0-ha9f2e26_1.conda
  hash:
    md5: 5a7d954665c707c93311657cd779c705
    sha256: d5cb8475131c31680f8fd30512c418f373064e272e452063276a8fb14c9fa42f
  category: main
  optional: false
- name: libgcc-ng
  version: 16.1.0
  manager: conda
  platform: linux-64
  dependencies:
    libgcc: 16.1.0
  url: https://conda.anaconda.org/conda-forge/linux-64/libgcc-ng-16.1.0-h69a702a_1.conda
  hash:
    md5: 7ed870c014a6f23c7dfafda53d2763a9
    sha256: 225275c562337a1cd61705da0ee4235dde7bba7504de1c34b74c894adb2b0eee
  category: main
  optional: false
- name: libgomp
  version: 16.1.0
  manager: conda
  platform: linux-64
  dependencies:
    __glibc: '>=2.17,<3.0.a0'
  url: https://conda.anaconda.org/conda-forge/linux-64/libgomp-16.1.0-he0feb66_1.conda
  hash:
    md5: 88f2d91cb1533194c323534253094d23
    sha256: 62cb599ad0539d99386515326d9d5e8f51f75a60c69c2131b21df76edf35bd89
  category: main
  optional: false
- name: libstdcxx
  version: 16.1.0
  manager: conda
  platform: linux-64
  dependencies:
    __glibc: '>=2.17,<3.0.a0'
    libgcc: 16.1.0
  url: https://conda.anaconda.org/conda-forge/linux-64/libstdcxx-16.1.0-h934c35e_1.conda
  hash:
    md5: aed6cf89adc1e9b846e4367ac538e434
    sha256: 79721dd08aeb0ab9e773f1f9ef41cf4e6c17477e3d72319147619045bce05a09
  category: main
  optional: false
- name: libstdcxx-ng
  version: 16.1.0
  manager: conda
  platform: linux-64
  dependencies:
    libstdcxx: 16.1.0
  url: https://conda.anaconda.org/conda-forge/linux-64/libstdcxx-ng-16.1.0-hdf11a46_1.conda
  hash:
    md5: c94f06123272d8e129d4acf3a25ffb35
    sha256: 2876ca4463d1b394eb969ce4a84d1620aa63fb8202a6397837d1e45ec76c1208
  category: main
  optional: false
- name: mpfr
  version: 4.2.2
  manager: conda
  platform: linux-64
  dependencies:
    __glibc: '>=2.17,<3.0.a0'
    gmp: '>=6.3.0,<7.0a0'
    libgcc: '>=14'
  url: https://conda.anaconda.org/conda-forge/linux-64/mpfr-4.2.2-he0a73b1_0.conda
  hash:
    md5: 85ce2ffa51ab21da5efa4a9edc5946aa
    sha256: 8690f550a780f75d9c47f7ffc15f5ff1c149d36ac17208e50eda101ca16611b9
  category: main
  optional: false
