# Generated by conda-lock.
# platform: win-64
# input_hash: d3cb945257fba4dd4474e36f1f11ec213a542d03e78a3274be809ea4895e08e5
@EXPLICIT
https://conda.anaconda.org/conda-forge/win-64/ucrt-10.0.26100.0-h57928b3_0.conda#71b24316859acd00bdb8b38f5e2ce328
https://conda.anaconda.org/conda-forge/win-64/libwinpthread-12.0.0.r4.gg4f2fc60ca-h57928b3_10.conda#8a86073cf3b343b87d03f41790d8b4e5
https://conda.anaconda.org/conda-forge/win-64/vcomp14-14.51.36247-habf1de7_41.conda#350bb67a5c8e5f1c53347ac544ab6600
https://conda.anaconda.org/conda-forge/win-64/libgomp-16.1.0-h8ee18e1_1.conda#baa80f69f3a43e4ec7e1cfb3addeae56
https://conda.anaconda.org/conda-forge/win-64/vc14_runtime-14.51.36247-habf1de7_41.conda#ac5333bb3d429361f23adf704cc49a78
https://conda.anaconda.org/conda-forge/win-64/_openmp_mutex-4.5-20_gnu.conda#1626967b574d1784b578b52eaeb071e7
https://conda.anaconda.org/conda-forge/win-64/vc-14.5-ha367084_41.conda#aa805b5522c2a98fa286e551a1f48546
https://conda.anaconda.org/conda-forge/win-64/libgcc-16.1.0-h110b43a_1.conda#0b5cc3373b5f925934421259463397a4
https://conda.anaconda.org/conda-forge/win-64/gmp-6.3.0-hbc858fe_3.conda#76fbd5f1d82be5685deb7bbe4690bdf9
https://conda.anaconda.org/conda-forge/win-64/mpfr-4.2.2-h883a981_0.conda#7bcb237f435cb77e5a68d6e528ec65ae
https://conda.anaconda.org/conda-forge/win-64/libflint-3.5.0-hfcf9ee3_0.conda#bd0a67d968ff5fd8d1e66839dca6a30f
